// !$*UTF8*$!
{
	archiveVersion = 1;
	classes = {
	};
	objectVersion = 42;
	objects = {

/* Begin PBXFileReference section */
		5F30F12912EBFF9F00CCF439 /* BoardView.rb */ = {isa = PBXFileReference; fileEncoding = 4; lastKnownFileType = text.script.ruby; path = BoardView.rb; sourceTree = "<group>"; };
		5F30F23C12ECADCD00CCF439 /* Board.rb */ = {isa = PBXFileReference; fileEncoding = 4; lastKnownFileType = text.script.ruby; path = Board.rb; sourceTree = "<group>"; };
		5F30F23D12ECADCD00CCF439 /* Path.rb */ = {isa = PBXFileReference; fileEncoding = 4; lastKnownFileType = text.script.ruby; path = Path.rb; sourceTree = "<group>"; };
		5F30F23E12ECADCD00CCF439 /* Player.rb */ = {isa = PBXFileReference; fileEncoding = 4; lastKnownFileType = text.script.ruby; path = Player.rb; sourceTree = "<group>"; };
		5F30F23F12ECADCD00CCF439 /* Tile.rb */ = {isa = PBXFileReference; fileEncoding = 4; lastKnownFileType = text.script.ruby; path = Tile.rb; sourceTree = "<group>"; };
		5F30F25912ECB20D00CCF439 /* Intersection.rb */ = {isa = PBXFileReference; fileEncoding = 4; lastKnownFileType = text.script.ruby; path = Intersection.rb; sourceTree = "<group>"; };
		5F30F40B12F1F84200CCF439 /* main.rb */ = {isa = PBXFileReference; fileEncoding = 4; lastKnownFileType = text.script.ruby; path = main.rb; sourceTree = "<group>"; };
		5F30F40C12F1F84B00CCF439 /* GameController.rb */ = {isa = PBXFileReference; fileEncoding = 4; lastKnownFileType = text.script.ruby; path = GameController.rb; sourceTree = "<group>"; };
		5F30F40D12F1F85600CCF439 /* TextView.rb */ = {isa = PBXFileReference; fileEncoding = 4; lastKnownFileType = text.script.ruby; path = TextView.rb; sourceTree = "<group>"; };
/* End PBXFileReference section */

/* Begin PBXGroup section */
		5F66A44912E8FD7F00DB0A39 = {
			isa = PBXGroup;
			children = (
				5F30F40B12F1F84200CCF439 /* main.rb */,
				5F30F40C12F1F84B00CCF439 /* GameController.rb */,
				5F30F12912EBFF9F00CCF439 /* BoardView.rb */,
				5F30F40D12F1F85600CCF439 /* TextView.rb */,
				5F30F23C12ECADCD00CCF439 /* Board.rb */,
				5F30F23E12ECADCD00CCF439 /* Player.rb */,
				5F30F25912ECB20D00CCF439 /* Intersection.rb */,
				5F30F23D12ECADCD00CCF439 /* Path.rb */,
				5F30F23F12ECADCD00CCF439 /* Tile.rb */,
			);
			sourceTree = "<group>";
		};
/* End PBXGroup section */

/* Begin PBXLegacyTarget section */
		5F66A46912E8FE8100DB0A39 /* Call ruby */ = {
			isa = PBXLegacyTarget;
			buildArgumentsString = " -rubygems GameControler.rb";
			buildConfigurationList = 5F66A46C12E8FE9F00DB0A39 /* Build configuration list for PBXLegacyTarget "Call ruby" */;
			buildPhases = (
			);
			buildToolPath = /usr/bin/ruby;
			buildWorkingDirectory = "";
			dependencies = (
			);
			name = "Call ruby";
			passBuildSettingsInEnvironment = 1;
			productName = "Call ruby";
		};
/* End PBXLegacyTarget section */

/* Begin PBXProject section */
		5F66A44B12E8FD7F00DB0A39 /* Project object */ = {
			isa = PBXProject;
			buildConfigurationList = 5F66A44E12E8FD7F00DB0A39 /* Build configuration list for PBXProject "invaders" */;
			compatibilityVersion = "Xcode 2.4";
			developmentRegion = English;
			hasScannedForEncodings = 0;
			knownRegions = (
				English,
				Japanese,
				French,
				German,
			);
			mainGroup = 5F66A44912E8FD7F00DB0A39;
			projectDirPath = "";
			projectRoot = "";
			targets = (
				5F66A46912E8FE8100DB0A39 /* Call ruby */,
			);
		};
/* End PBXProject section */

/* Begin XCBuildConfiguration section */
		5F66A44C12E8FD7F00DB0A39 /* Debug */ = {
			isa = XCBuildConfiguration;
			buildSettings = {
				COPY_PHASE_STRIP = NO;
			};
			name = Debug;
		};
		5F66A44D12E8FD7F00DB0A39 /* Release */ = {
			isa = XCBuildConfiguration;
			buildSettings = {
				COPY_PHASE_STRIP = YES;
			};
			name = Release;
		};
		5F66A46A12E8FE8100DB0A39 /* Debug */ = {
			isa = XCBuildConfiguration;
			buildSettings = {
				COPY_PHASE_STRIP = NO;
				GCC_DYNAMIC_NO_PIC = NO;
				GCC_OPTIMIZATION_LEVEL = 0;
				PRODUCT_NAME = "run it";
			};
			name = Debug;
		};
		5F66A46B12E8FE8100DB0A39 /* Release */ = {
			isa = XCBuildConfiguration;
			buildSettings = {
				COPY_PHASE_STRIP = YES;
				DEBUG_INFORMATION_FORMAT = "dwarf-with-dsym";
				GCC_ENABLE_FIX_AND_CONTINUE = NO;
				PRODUCT_NAME = "Call ruby";
				ZERO_LINK = NO;
			};
			name = Release;
		};
/* End XCBuildConfiguration section */

/* Begin XCConfigurationList section */
		5F66A44E12E8FD7F00DB0A39 /* Build configuration list for PBXProject "invaders" */ = {
			isa = XCConfigurationList;
			buildConfigurations = (
				5F66A44C12E8FD7F00DB0A39 /* Debug */,
				5F66A44D12E8FD7F00DB0A39 /* Release */,
			);
			defaultConfigurationIsVisible = 0;
			defaultConfigurationName = Release;
		};
		5F66A46C12E8FE9F00DB0A39 /* Build configuration list for PBXLegacyTarget "Call ruby" */ = {
			isa = XCConfigurationList;
			buildConfigurations = (
				5F66A46A12E8FE8100DB0A39 /* Debug */,
				5F66A46B12E8FE8100DB0A39 /* Release */,
			);
			defaultConfigurationIsVisible = 0;
			defaultConfigurationName = Release;
		};
/* End XCConfigurationList section */
	};
	rootObject = 5F66A44B12E8FD7F00DB0A39 /* Project object */;
}
